<?xml version="1.0" encoding="utf-8"?>
<Project ToolsVersion="4.0" xmlns="http://schemas.microsoft.com/developer/msbuild/2003">
  <ItemGroup>
    <Filter Include="Source Files">
      <UniqueIdentifier>{4FC737F1-C7A5-4376-A066-2A32D752A2FF}</UniqueIdentifier>
      <Extensions>cpp;c;cc;cxx;def;odl;idl;hpj;bat;asm;asmx</Extensions>
    </Filter>
    <Filter Include="Header Files">
      <UniqueIdentifier>{93995380-89BD-4b04-88EB-625FBE52EBFB}</UniqueIdentifier>
      <Extensions>h;hh;hpp;hxx;hm;inl;inc;xsd</Extensions>
    </Filter>
    <Filter Include="Resource Files">
      <UniqueIdentifier>{67DA6AB6-F800-4c08-8B7A-83BB121AAD01}</UniqueIdentifier>
      <Extensions>rc;ico;cur;bmp;dlg;rc2;rct;bin;rgs;gif;jpg;jpeg;jpe;resx;tiff;tif;png;wav;mfcribbon-ms</Extensions>
    </Filter>
    <Filter Include="Shaders">
      <UniqueIdentifier>{dfbae856-c071-4a95-ab12-b22d0ea5c3b7}</UniqueIdentifier>
    </Filter>
    <Filter Include="Managers">
      <UniqueIdentifier>{beea7aeb-83b1-4754-9c99-81e9398add79}</UniqueIdentifier>
    </Filter>
    <Filter Include="Init">
      <UniqueIdentifier>{c83b5165-70d8-4cfc-91a0-5e43ee7c9b13}</UniqueIdentifier>
    </Filter>
    <Filter Include="Render">
      <UniqueIdentifier>{8497e936-c026-4345-afff-6ca9f8abac83}</UniqueIdentifier>
    </Filter>
  </ItemGroup>
  <ItemGroup>
    <ClCompile Include="main.cpp">
      <Filter>Source Files</Filter>
    </ClCompile>
    <ClCompile Include="Shader.cpp">
      <Filter>Source Files</Filter>
    </ClCompile>
    <ClCompile Include="Common.cpp">
      <Filter>Source Files</Filter>
    </ClCompile>
    <ClCompile Include="ShaderMan.cpp">
      <Filter>Managers</Filter>
    </ClCompile>
    <ClCompile Include="WindowInfo.cpp">
      <Filter>Init</Filter>
    </ClCompile>
    <ClCompile Include="ContextInfo.cpp">
      <Filter>Init</Filter>
    </ClCompile>
    <ClCompile Include="SDLInit.cpp">
      <Filter>Init</Filter>
    </ClCompile>
    <ClCompile Include="GLEWInit.cpp">
      <Filter>Init</Filter>
    </ClCompile>
    <ClCompile Include="MeshManager.cpp">
      <Filter>Managers</Filter>
    </ClCompile>
    <ClCompile Include="FrameBufferInfo.cpp">
      <Filter>Init</Filter>
    </ClCompile>
    <ClCompile Include="Model.cpp">
      <Filter>Render</Filter>
    </ClCompile>
    <ClCompile Include="Triangle.cpp">
      <Filter>Render</Filter>
    </ClCompile>
    <ClCompile Include="Quad.cpp">
      <Filter>Render</Filter>
    </ClCompile>
    <ClCompile Include="MeshLoader.cpp">
      <Filter>Source Files</Filter>
    </ClCompile>
    <ClCompile Include="Texture.cpp">
      <Filter>Source Files</Filter>
    </ClCompile>
    <ClCompile Include="Material.cpp">
      <Filter>Source Files</Filter>
    </ClCompile>
    <ClCompile Include="TransformComponent.cpp">
      <Filter>Source Files</Filter>
    </ClCompile>
    <ClCompile Include="MeshRendererComponent.cpp">
      <Filter>Source Files</Filter>
    </ClCompile>
    <ClCompile Include="CameraEuler.cpp">
      <Filter>Source Files</Filter>
    </ClCompile>
    <ClCompile Include="CameraMan.cpp">
      <Filter>Managers</Filter>
    </ClCompile>
    <ClCompile Include="ComputeParticles.cpp">
      <Filter>Source Files</Filter>
    </ClCompile>
  </ItemGroup>
  <ItemGroup>
    <ClInclude Include="Shader.h">
      <Filter>Header Files</Filter>
    </ClInclude>
    <ClInclude Include="Common.h">
      <Filter>Header Files</Filter>
    </ClInclude>
    <ClInclude Include="Model.h">
      <Filter>Render</Filter>
    </ClInclude>
    <ClInclude Include="MeshManager.h">
      <Filter>Managers</Filter>
    </ClInclude>
    <ClInclude Include="FrameBufferInfo.h">
      <Filter>Init</Filter>
    </ClInclude>
    <ClInclude Include="ContextInfo.h">
      <Filter>Init</Filter>
    </ClInclude>
    <ClInclude Include="WindowInfo.h">
      <Filter>Init</Filter>
    </ClInclude>
    <ClInclude Include="VertexFormat.h">
      <Filter>Render</Filter>
    </ClInclude>
    <ClInclude Include="ShaderMan.h">
      <Filter>Managers</Filter>
    </ClInclude>
    <ClInclude Include="GLEWInit.h">
      <Filter>Init</Filter>
    </ClInclude>
    <ClInclude Include="SDLInit.h">
      <Filter>Init</Filter>
    </ClInclude>
    <ClInclude Include="Triangle.h">
      <Filter>Render</Filter>
    </ClInclude>
    <ClInclude Include="DebugOutput.h">
      <Filter>Header Files</Filter>
    </ClInclude>
    <ClInclude Include="Quad.h">
      <Filter>Render</Filter>
    </ClInclude>
    <ClInclude Include="MeshLoader.h">
      <Filter>Header Files</Filter>
    </ClInclude>
    <ClInclude Include="Texture.h">
      <Filter>Header Files</Filter>
    </ClInclude>
    <ClInclude Include="Material.h">
      <Filter>Header Files</Filter>
    </ClInclude>
    <ClInclude Include="TransformComponent.h">
      <Filter>Header Files</Filter>
    </ClInclude>
    <ClInclude Include="MeshRendererComponent.h">
      <Filter>Header Files</Filter>
    </ClInclude>
    <ClInclude Include="CameraEuler.h">
      <Filter>Header Files</Filter>
    </ClInclude>
    <ClInclude Include="IObject.h">
      <Filter>Render</Filter>
    </ClInclude>
    <ClInclude Include="ComputeParticles.h">
      <Filter>Header Files</Filter>
    </ClInclude>
    <ClInclude Include="CameraMan.h">
      <Filter>Managers</Filter>
    </ClInclude>
  </ItemGroup>
  <ItemGroup>
    <None Include="solidColorQuadShader.frag">
      <Filter>Shaders</Filter>
    </None>
    <None Include="solidColorQuadShader.vert">
      <Filter>Shaders</Filter>
    </None>
    <None Include="solidColorTriangleShader.vert">
      <Filter>Shaders</Filter>
    </None>
    <None Include="solidColorTriangleShader.frag">
      <Filter>Shaders</Filter>
    </None>
    <None Include="compute.comp">
      <Filter>Shaders</Filter>
    </None>
    <None Include="textureQuadShader.vert">
      <Filter>Shaders</Filter>
    </None>
    <None Include="textureQuadShader.frag">
      <Filter>Shaders</Filter>
    </None>
    <None Include="renderParticles.vert">
      <Filter>Shaders</Filter>
    </None>
    <None Include="renderParticles.frag">
      <Filter>Shaders</Filter>
    </None>
    <None Include="computeParticles.comp">
      <Filter>Shaders</Filter>
    </None>
  </ItemGroup>
</Project>